
Microsoft Visual Studio Solution File, Format Version 12.00
# Visual Studio Version 16
VisualStudioVersion = 16.0.32002.261
MinimumVisualStudioVersion = 10.0.40219.1
Project("{FAE04EC0-301F-11D3-BF4B-00C04F79EFBC}") = "SpecFlowCalculator", "SpecFlowCalculator\SpecFlowCalculator.csproj", "{57384314-595F-4FAD-91A6-BCA8FE5B1CC9}"
EndProject
Project("{FAE04EC0-301F-11D3-BF4B-00C04F79EFBC}") = "SpecFlowCalculator.Specs", "SpecFlowCalculator.Specs\SpecFlowCalculator.Specs.csproj", "{AD2FCCB0-A1CC-4FC4-B0C8-3C3B76320A94}"
EndProject
Global
	GlobalSection(SolutionConfigurationPlatforms) = preSolution
		Debug|Any CPU = Debug|Any CPU
		Release|Any CPU = Release|Any CPU
	EndGlobalSection
	GlobalSection(ProjectConfigurationPlatforms) = postSolution
		{57384314-595F-4FAD-91A6-BCA8FE5B1CC9}.Debug|Any CPU.ActiveCfg = Debug|Any CPU
		{57384314-595F-4FAD-91A6-BCA8FE5B1CC9}.Debug|Any CPU.Build.0 = Debug|Any CPU
		{57384314-595F-4FAD-91A6-BCA8FE5B1CC9}.Release|Any CPU.ActiveCfg = Release|Any CPU
		{57384314-595F-4FAD-91A6-BCA8FE5B1CC9}.Release|Any CPU.Build.0 = Release|Any CPU
		{AD2FCCB0-A1CC-4FC4-B0C8-3C3B76320A94}.Debug|Any CPU.ActiveCfg = Debug|Any CPU
		{AD2FCCB0-A1CC-4FC4-B0C8-3C3B76320A94}.Debug|Any CPU.Build.0 = Debug|Any CPU
		{AD2FCCB0-A1CC-4FC4-B0C8-3C3B76320A94}.Release|Any CPU.ActiveCfg = Release|Any CPU
		{AD2FCCB0-A1CC-4FC4-B0C8-3C3B76320A94}.Release|Any CPU.Build.0 = Release|Any CPU
	EndGlobalSection
	GlobalSection(SolutionProperties) = preSolution
		HideSolutionNode = FALSE
	EndGlobalSection
	GlobalSection(ExtensibilityGlobals) = postSolution
		SolutionGuid = {020D1981-EEE9-40C3-A19D-657D850DC5DF}
	EndGlobalSection
EndGlobal
